
Microsoft Visual Studio Solution File, Format Version 12.00
# Visual Studio Version 17
VisualStudioVersion = 17.7.34221.43
MinimumVisualStudioVersion = 10.0.40219.1
Project("{FAE04EC0-301F-11D3-BF4B-00C04F79EFBC}") = "alahaly_momken", "alahaly_momken\alahaly_momken.csproj", "{E409674B-2362-4A5D-83BF-517140EE28DF}"
EndProject
Global
	GlobalSection(SolutionConfigurationPlatforms) = preSolution
		Debug|Any CPU = Debug|Any CPU
		Release|Any CPU = Release|Any CPU
	EndGlobalSection
	GlobalSection(ProjectConfigurationPlatforms) = postSolution
		{E409674B-2362-4A5D-83BF-517140EE28DF}.Debug|Any CPU.ActiveCfg = Debug|Any CPU
		{E409674B-2362-4A5D-83BF-517140EE28DF}.Debug|Any CPU.Build.0 = Debug|Any CPU
		{E409674B-2362-4A5D-83BF-517140EE28DF}.Release|Any CPU.ActiveCfg = Release|Any CPU
		{E409674B-2362-4A5D-83BF-517140EE28DF}.Release|Any CPU.Build.0 = Release|Any CPU
	EndGlobalSection
	GlobalSection(SolutionProperties) = preSolution
		HideSolutionNode = FALSE
	EndGlobalSection
	GlobalSection(ExtensibilityGlobals) = postSolution
		SolutionGuid = {E7F027E9-3B55-403A-BDF8-A7DF56A332CE}
	EndGlobalSection
EndGlobal
